
Microsoft Visual Studio Solution File, Format Version 12.00
# Visual Studio Version 16
VisualStudioVersion = 16.0.32106.194
MinimumVisualStudioVersion = 10.0.40219.1
Project("{FAE04EC0-301F-11D3-BF4B-00C04F79EFBC}") = "Questionnaire-test", "Questionnaire-test\Questionnaire-test.csproj", "{FFFB5A61-25F4-4B81-8DDA-F000A1F6E072}"
EndProject
Global
	GlobalSection(SolutionConfigurationPlatforms) = preSolution
		Debug|Any CPU = Debug|Any CPU
		Release|Any CPU = Release|Any CPU
	EndGlobalSection
	GlobalSection(ProjectConfigurationPlatforms) = postSolution
		{FFFB5A61-25F4-4B81-8DDA-F000A1F6E072}.Debug|Any CPU.ActiveCfg = Debug|Any CPU
		{FFFB5A61-25F4-4B81-8DDA-F000A1F6E072}.Debug|Any CPU.Build.0 = Debug|Any CPU
		{FFFB5A61-25F4-4B81-8DDA-F000A1F6E072}.Release|Any CPU.ActiveCfg = Release|Any CPU
		{FFFB5A61-25F4-4B81-8DDA-F000A1F6E072}.Release|Any CPU.Build.0 = Release|Any CPU
	EndGlobalSection
	GlobalSection(SolutionProperties) = preSolution
		HideSolutionNode = FALSE
	EndGlobalSection
	GlobalSection(ExtensibilityGlobals) = postSolution
		SolutionGuid = {315864D0-6A4A-4C16-BB5B-FABA85ECFAC3}
	EndGlobalSection
EndGlobal
